{
  "version": 4,
  "terraform_version": "1.0.11",
  "serial": 116,
  "lineage": "522dd35b-ca39-d7db-f8da-4226ffa073e4",
  "outputs": {},
  "resources": [
    {
      "mode": "managed",
      "type": "volterra_app_firewall",
      "name": "waap-tf",
      "provider": "provider[\"registry.terraform.io/volterraedge/volterra\"]",
      "instances": [
        {
          "schema_version": 0,
          "attributes": {
            "allow_all_response_codes": true,
            "allowed_response_codes": [],
            "annotations": null,
            "blocking": true,
            "blocking_page": [],
            "bot_protection_setting": [],
            "custom_anonymization": [],
            "default_anonymization": true,
            "default_bot_setting": true,
            "default_detection_settings": true,
            "description": "",
            "detection_settings": [],
            "disable": false,
            "disable_anonymization": null,
            "id": "8e287e96-2d38-4c43-8346-0e9ebd4f90a2",
            "labels": null,
            "monitoring": null,
            "name": "waap-tf-arademo",
            "namespace": "a-arquint",
            "use_default_blocking_page": true,
            "use_loadbalancer_setting": true
          },
          "sensitive_attributes": [],
          "private": "bnVsbA=="
        }
      ]
    },
    {
      "mode": "managed",
      "type": "volterra_http_loadbalancer",
      "name": "lb-https-tf",
      "provider": "provider[\"registry.terraform.io/volterraedge/volterra\"]",
      "instances": [
        {
          "schema_version": 0,
          "attributes": {
            "active_service_policies": [],
            "add_location": null,
            "advertise_custom": [],
            "advertise_on_public": [],
            "advertise_on_public_default_vip": true,
            "annotations": null,
            "api_definition": [],
            "api_definitions": [],
            "api_protection_rules": [],
            "api_rate_limit": [],
            "app_firewall": [
              {
                "name": "waap-tf-arademo",
                "namespace": "a-arquint",
                "tenant": ""
              }
            ],
            "blocked_clients": [],
            "bot_defense": [],
            "captcha_challenge": [],
            "client_side_defense": [],
            "cookie_stickiness": [],
            "cors_policy": [],
            "data_guard_rules": [],
            "ddos_mitigation_rules": [],
            "default_pool": [],
            "default_pool_list": [],
            "default_route_pools": [
              {
                "cluster": [],
                "endpoint_subsets": null,
                "pool": [
                  {
                    "kind": "",
                    "name": "op-ip-arademo",
                    "namespace": "a-arquint",
                    "tenant": ""
                  }
                ],
                "priority": 0,
                "weight": 1
              }
            ],
            "description": "",
            "disable": false,
            "disable_api_definition": null,
            "disable_api_discovery": null,
            "disable_bot_defense": null,
            "disable_client_side_defense": null,
            "disable_ddos_detection": null,
            "disable_ip_reputation": null,
            "disable_malicious_user_detection": null,
            "disable_rate_limit": true,
            "disable_trust_client_ip_headers": null,
            "disable_waf": null,
            "do_not_advertise": null,
            "domains": [
              "arademo.emea-ent.f5demos.com"
            ],
            "enable_api_discovery": [],
            "enable_ddos_detection": null,
            "enable_ip_reputation": [],
            "enable_malicious_user_detection": null,
            "enable_trust_client_ip_headers": [],
            "http": [],
            "https": [],
            "https_auto_cert": [
              {
                "add_hsts": true,
                "append_server_name": "",
                "default_header": null,
                "default_loadbalancer": null,
                "disable_path_normalize": null,
                "enable_path_normalize": true,
                "header_transformation_type": [],
                "http_redirect": true,
                "no_mtls": true,
                "non_default_loadbalancer": null,
                "pass_through": null,
                "port": null,
                "server_name": "",
                "tls_config": [
                  {
                    "custom_security": [],
                    "default_security": true,
                    "low_security": null,
                    "medium_security": null
                  }
                ],
                "use_mtls": []
              }
            ],
            "id": "7ccfa812-d350-492e-9303-9f437cbc5d19",
            "js_challenge": [],
            "labels": null,
            "least_active": null,
            "malicious_user_mitigation": [],
            "more_option": [],
            "multi_lb_app": true,
            "name": "lb-https-tf-arademo",
            "namespace": "a-arquint",
            "no_challenge": true,
            "no_service_policies": true,
            "policy_based_challenge": [],
            "random": null,
            "rate_limit": [],
            "ring_hash": [],
            "round_robin": null,
            "routes": [],
            "service_policies_from_namespace": null,
            "single_lb_app": [],
            "source_ip_stickiness": true,
            "trusted_clients": [],
            "user_id_client_ip": true,
            "user_identification": [],
            "waf": [],
            "waf_exclusion_rules": [],
            "waf_rule": []
          },
          "sensitive_attributes": [],
          "private": "bnVsbA==",
          "dependencies": [
            "volterra_origin_pool.xc_origin_pool"
          ]
        }
      ]
    },
    {
      "mode": "managed",
      "type": "volterra_origin_pool",
      "name": "xc_origin_pool",
      "provider": "provider[\"registry.terraform.io/volterraedge/volterra\"]",
      "instances": [
        {
          "schema_version": 0,
          "attributes": {
            "advanced_options": [],
            "annotations": null,
            "automatic_port": null,
            "description": "",
            "disable": false,
            "endpoint_selection": "LOCALPREFERED",
            "health_check_port": null,
            "healthcheck": [],
            "id": "9d9215c7-a705-454a-808d-f0fea3417193",
            "labels": null,
            "loadbalancer_algorithm": "LB_OVERRIDE",
            "name": "op-ip-arademo",
            "namespace": "a-arquint",
            "no_tls": true,
            "origin_servers": [
              {
                "consul_service": [],
                "custom_endpoint_object": [],
                "k8s_service": [],
                "labels": null,
                "private_ip": [],
                "private_name": [],
                "public_ip": [],
                "public_name": [
                  {
                    "dns_name": "sentence.emea.f5se.com"
                  }
                ],
                "vn_private_ip": [],
                "vn_private_name": []
              }
            ],
            "port": 80,
            "same_as_endpoint_port": null,
            "use_tls": []
          },
          "sensitive_attributes": [],
          "private": "bnVsbA=="
        }
      ]
    }
  ]
}
